
Microsoft Visual Studio Solution File, Format Version 11.00
# Visual Studio 2010
Project("{FAE04EC0-301F-11D3-BF4B-00C04F79EFBC}") = "Assembly-CSharp", "Assembly-CSharp.csproj", "{4e1ded1e-d52e-210b-d623-f4681905a5ac}"
EndProject
Project("{FAE04EC0-301F-11D3-BF4B-00C04F79EFBC}") = "Assembly-CSharp-Editor", "Assembly-CSharp-Editor.csproj", "{178579c1-ec67-2dcf-c731-680cadfcd56c}"
EndProject
Global
	GlobalSection(SolutionConfigurationPlatforms) = preSolution
		Debug|Any CPU = Debug|Any CPU
	EndGlobalSection
	GlobalSection(ProjectConfigurationPlatforms) = postSolution
		{4e1ded1e-d52e-210b-d623-f4681905a5ac}.Debug|Any CPU.ActiveCfg = Debug|Any CPU
		{4e1ded1e-d52e-210b-d623-f4681905a5ac}.Debug|Any CPU.Build.0 = Debug|Any CPU
		{178579c1-ec67-2dcf-c731-680cadfcd56c}.Debug|Any CPU.ActiveCfg = Debug|Any CPU
		{178579c1-ec67-2dcf-c731-680cadfcd56c}.Debug|Any CPU.Build.0 = Debug|Any CPU
	EndGlobalSection
	GlobalSection(SolutionProperties) = preSolution
		HideSolutionNode = FALSE
	EndGlobalSection
EndGlobal
